
Microsoft Visual Studio Solution File, Format Version 12.00
# Visual Studio Version 17
VisualStudioVersion = 17.12.35527.113 d17.12
MinimumVisualStudioVersion = 10.0.40219.1
Project("{FAE04EC0-301F-11D3-BF4B-00C04F79EFBC}") = "Bank Account Manager", "Bank Account Manager\Bank Account Manager.csproj", "{EC300EC6-B03D-4B08-BAE6-C55701A57C63}"
EndProject
Global
	GlobalSection(SolutionConfigurationPlatforms) = preSolution
		Debug|Any CPU = Debug|Any CPU
		Release|Any CPU = Release|Any CPU
	EndGlobalSection
	GlobalSection(ProjectConfigurationPlatforms) = postSolution
		{EC300EC6-B03D-4B08-BAE6-C55701A57C63}.Debug|Any CPU.ActiveCfg = Debug|Any CPU
		{EC300EC6-B03D-4B08-BAE6-C55701A57C63}.Debug|Any CPU.Build.0 = Debug|Any CPU
		{EC300EC6-B03D-4B08-BAE6-C55701A57C63}.Release|Any CPU.ActiveCfg = Release|Any CPU
		{EC300EC6-B03D-4B08-BAE6-C55701A57C63}.Release|Any CPU.Build.0 = Release|Any CPU
	EndGlobalSection
	GlobalSection(SolutionProperties) = preSolution
		HideSolutionNode = FALSE
	EndGlobalSection
EndGlobal
